
Microsoft Visual Studio Solution File, Format Version 12.00
# Visual Studio Version 17
VisualStudioVersion = 17.1.32210.238
MinimumVisualStudioVersion = 10.0.40219.1
Project("{9A19103F-16F7-4668-BE54-9A1E7A4F7556}") = "PreposicoesKlingon", "TraducaoKlingon\PreposicoesKlingon.csproj", "{1AC95C8D-AEC8-4A28-83F5-B7AB0712C84B}"
EndProject
Global
	GlobalSection(SolutionConfigurationPlatforms) = preSolution
		Debug|Any CPU = Debug|Any CPU
		Release|Any CPU = Release|Any CPU
	EndGlobalSection
	GlobalSection(ProjectConfigurationPlatforms) = postSolution
		{1AC95C8D-AEC8-4A28-83F5-B7AB0712C84B}.Debug|Any CPU.ActiveCfg = Debug|Any CPU
		{1AC95C8D-AEC8-4A28-83F5-B7AB0712C84B}.Debug|Any CPU.Build.0 = Debug|Any CPU
		{1AC95C8D-AEC8-4A28-83F5-B7AB0712C84B}.Release|Any CPU.ActiveCfg = Release|Any CPU
		{1AC95C8D-AEC8-4A28-83F5-B7AB0712C84B}.Release|Any CPU.Build.0 = Release|Any CPU
	EndGlobalSection
	GlobalSection(SolutionProperties) = preSolution
		HideSolutionNode = FALSE
	EndGlobalSection
	GlobalSection(ExtensibilityGlobals) = postSolution
		SolutionGuid = {0113DBF1-7058-48B5-928C-C17DC0772C8F}
	EndGlobalSection
EndGlobal
