
Microsoft Visual Studio Solution File, Format Version 12.00
# Visual Studio Version 17
VisualStudioVersion = 17.1.32210.238
MinimumVisualStudioVersion = 10.0.40219.1
Project("{9A19103F-16F7-4668-BE54-9A1E7A4F7556}") = "VerbosKlingon", "Knsegundo\VerbosKlingon.csproj", "{1066B998-2152-46B8-81E3-358ADB98058D}"
EndProject
Global
	GlobalSection(SolutionConfigurationPlatforms) = preSolution
		Debug|Any CPU = Debug|Any CPU
		Release|Any CPU = Release|Any CPU
	EndGlobalSection
	GlobalSection(ProjectConfigurationPlatforms) = postSolution
		{1066B998-2152-46B8-81E3-358ADB98058D}.Debug|Any CPU.ActiveCfg = Debug|Any CPU
		{1066B998-2152-46B8-81E3-358ADB98058D}.Debug|Any CPU.Build.0 = Debug|Any CPU
		{1066B998-2152-46B8-81E3-358ADB98058D}.Release|Any CPU.ActiveCfg = Release|Any CPU
		{1066B998-2152-46B8-81E3-358ADB98058D}.Release|Any CPU.Build.0 = Release|Any CPU
	EndGlobalSection
	GlobalSection(SolutionProperties) = preSolution
		HideSolutionNode = FALSE
	EndGlobalSection
	GlobalSection(ExtensibilityGlobals) = postSolution
		SolutionGuid = {7F04C9C1-E426-4410-9951-5F1066090B2B}
	EndGlobalSection
EndGlobal
